<Solution>
  <Project Path="TaskManager.API/TaskManager.API.csproj" />
  <Project Path="TaskManager.Application/TaskManager.Application.csproj" />
  <Project Path="TaskManager.Communication/TaskManager.Communication.csproj" />
  <Project Path="TaskManager.Exceptions/TaskManager.Exceptions.csproj" />
  <Project Path="TaskManager.Infrastructure/TaskManager.Infrastructure.csproj" />
</Solution>
